// !$*UTF8*$!
{
	archiveVersion = 1;
	classes = {
	};
	objectVersion = 46;
	objects = {

/* Begin PBXBuildFile section */
		F72E9ADF1D56A677003FF5E7 /* main.swift in Sources */ = {isa = PBXBuildFile; fileRef = F72E9ADE1D56A677003FF5E7 /* main.swift */; };
		F7510E941DADA754003EC1E4 /* NodeContent.swift in Sources */ = {isa = PBXBuildFile; fileRef = F7510E8E1DADA754003EC1E4 /* NodeContent.swift */; };
		F7510E951DADA754003EC1E4 /* NodeContent.swift in Sources */ = {isa = PBXBuildFile; fileRef = F7510E8E1DADA754003EC1E4 /* NodeContent.swift */; };
		F7510E961DADA754003EC1E4 /* AVLTree.swift in Sources */ = {isa = PBXBuildFile; fileRef = F7510E901DADA754003EC1E4 /* AVLTree.swift */; };
		F7510E971DADA754003EC1E4 /* AVLTree.swift in Sources */ = {isa = PBXBuildFile; fileRef = F7510E901DADA754003EC1E4 /* AVLTree.swift */; };
		F7510E981DADA754003EC1E4 /* BinaryTreeProtocol.swift in Sources */ = {isa = PBXBuildFile; fileRef = F7510E911DADA754003EC1E4 /* BinaryTreeProtocol.swift */; };
		F7510E991DADA754003EC1E4 /* BinaryTreeProtocol.swift in Sources */ = {isa = PBXBuildFile; fileRef = F7510E911DADA754003EC1E4 /* BinaryTreeProtocol.swift */; };
		F7510E9A1DADA754003EC1E4 /* RotationDirection.swift in Sources */ = {isa = PBXBuildFile; fileRef = F7510E921DADA754003EC1E4 /* RotationDirection.swift */; };
		F7510E9B1DADA754003EC1E4 /* RotationDirection.swift in Sources */ = {isa = PBXBuildFile; fileRef = F7510E921DADA754003EC1E4 /* RotationDirection.swift */; };
		F7510E9C1DADA754003EC1E4 /* TreeVisitor.swift in Sources */ = {isa = PBXBuildFile; fileRef = F7510E931DADA754003EC1E4 /* TreeVisitor.swift */; };
		F7510E9D1DADA754003EC1E4 /* TreeVisitor.swift in Sources */ = {isa = PBXBuildFile; fileRef = F7510E931DADA754003EC1E4 /* TreeVisitor.swift */; };
		F75B25571DCA994700F0B6FC /* Graph.swift in Sources */ = {isa = PBXBuildFile; fileRef = F75B25561DCA994700F0B6FC /* Graph.swift */; };
		F78698381FABCBC0000BA3B4 /* SortAlgorithm.swift in Sources */ = {isa = PBXBuildFile; fileRef = F78698371FABCBC0000BA3B4 /* SortAlgorithm.swift */; };
		F786983A1FABCBCB000BA3B4 /* InsertionSort.swift in Sources */ = {isa = PBXBuildFile; fileRef = F78698391FABCBCB000BA3B4 /* InsertionSort.swift */; };
		F786983C1FABCBD3000BA3B4 /* QuickSort.swift in Sources */ = {isa = PBXBuildFile; fileRef = F786983B1FABCBD3000BA3B4 /* QuickSort.swift */; };
		F786983E1FABCC36000BA3B4 /* BubbleSortTest.swift in Sources */ = {isa = PBXBuildFile; fileRef = F786983D1FABCC36000BA3B4 /* BubbleSortTest.swift */; };
		F78698401FABCC3F000BA3B4 /* InsertionSortTest.swift in Sources */ = {isa = PBXBuildFile; fileRef = F786983F1FABCC3F000BA3B4 /* InsertionSortTest.swift */; };
		F78698421FABCC46000BA3B4 /* QuickSortTest.swift in Sources */ = {isa = PBXBuildFile; fileRef = F78698411FABCC46000BA3B4 /* QuickSortTest.swift */; };
		F78698431FABCEC5000BA3B4 /* BubbleSort.swift in Sources */ = {isa = PBXBuildFile; fileRef = F7A7868B1FA27C4D00106C89 /* BubbleSort.swift */; };
		F78698441FABCED7000BA3B4 /* SortAlgorithm.swift in Sources */ = {isa = PBXBuildFile; fileRef = F78698371FABCBC0000BA3B4 /* SortAlgorithm.swift */; };
		F78698451FABCED9000BA3B4 /* InsertionSort.swift in Sources */ = {isa = PBXBuildFile; fileRef = F78698391FABCBCB000BA3B4 /* InsertionSort.swift */; };
		F78698461FABCEDC000BA3B4 /* QuickSort.swift in Sources */ = {isa = PBXBuildFile; fileRef = F786983B1FABCBD3000BA3B4 /* QuickSort.swift */; };
		F78698481FABCF71000BA3B4 /* Array+Convenience.swift in Sources */ = {isa = PBXBuildFile; fileRef = F78698471FABCF71000BA3B4 /* Array+Convenience.swift */; };
		F78698491FABCF8C000BA3B4 /* Array+Convenience.swift in Sources */ = {isa = PBXBuildFile; fileRef = F78698471FABCF71000BA3B4 /* Array+Convenience.swift */; };
		F786984B1FABD055000BA3B4 /* ShellSortTest.swift in Sources */ = {isa = PBXBuildFile; fileRef = F786984A1FABD055000BA3B4 /* ShellSortTest.swift */; };
		F786984D1FABD06A000BA3B4 /* ShellSort.swift in Sources */ = {isa = PBXBuildFile; fileRef = F786984C1FABD06A000BA3B4 /* ShellSort.swift */; };
		F786984E1FABD0C8000BA3B4 /* ShellSort.swift in Sources */ = {isa = PBXBuildFile; fileRef = F786984C1FABD06A000BA3B4 /* ShellSort.swift */; };
		F78698501FABD7EE000BA3B4 /* CombSort.swift in Sources */ = {isa = PBXBuildFile; fileRef = F786984F1FABD7EE000BA3B4 /* CombSort.swift */; };
		F78698521FABD81E000BA3B4 /* CombSortTest.swift in Sources */ = {isa = PBXBuildFile; fileRef = F78698511FABD81E000BA3B4 /* CombSortTest.swift */; };
		F78698531FABD85B000BA3B4 /* CombSort.swift in Sources */ = {isa = PBXBuildFile; fileRef = F786984F1FABD7EE000BA3B4 /* CombSort.swift */; };
		F78728701E664341006FAEEF /* RedBlackTree.swift in Sources */ = {isa = PBXBuildFile; fileRef = F787286F1E664341006FAEEF /* RedBlackTree.swift */; };
		F792A41D1F9EA57F00E1FFD0 /* BinaryTree.swift in Sources */ = {isa = PBXBuildFile; fileRef = F792A41C1F9EA57F00E1FFD0 /* BinaryTree.swift */; };
		F7A7868C1FA27C4D00106C89 /* BubbleSort.swift in Sources */ = {isa = PBXBuildFile; fileRef = F7A7868B1FA27C4D00106C89 /* BubbleSort.swift */; };
		F7A81B6C1D99E391003A7B51 /* Generator.swift in Sources */ = {isa = PBXBuildFile; fileRef = F7A81B6B1D99E391003A7B51 /* Generator.swift */; };
		F7A81B7C1D99E84A003A7B51 /* TreeTests.swift in Sources */ = {isa = PBXBuildFile; fileRef = F75AA8321D6E579E009E63C2 /* TreeTests.swift */; };
		F7A81B7F1D9F23B2003A7B51 /* Generator.swift in Sources */ = {isa = PBXBuildFile; fileRef = F7A81B6B1D99E391003A7B51 /* Generator.swift */; };
		F7A81B801D9F23C6003A7B51 /* main.swift in Sources */ = {isa = PBXBuildFile; fileRef = F72E9ADE1D56A677003FF5E7 /* main.swift */; };
		F7ED1A701DAAE836006F17CE /* DSU.swift in Sources */ = {isa = PBXBuildFile; fileRef = F7ED1A6F1DAAE836006F17CE /* DSU.swift */; };
/* End PBXBuildFile section */

/* Begin PBXCopyFilesBuildPhase section */
		F72E9AD91D56A677003FF5E7 /* CopyFiles */ = {
			isa = PBXCopyFilesBuildPhase;
			buildActionMask = 2147483647;
			dstPath = /usr/share/man/man1/;
			dstSubfolderSpec = 0;
			files = (
			);
			runOnlyForDeploymentPostprocessing = 1;
		};
/* End PBXCopyFilesBuildPhase section */

/* Begin PBXFileReference section */
		F72E9ADB1D56A677003FF5E7 /* AdvancedDataStructures */ = {isa = PBXFileReference; explicitFileType = "compiled.mach-o.executable"; includeInIndex = 0; path = AdvancedDataStructures; sourceTree = BUILT_PRODUCTS_DIR; };
		F72E9ADE1D56A677003FF5E7 /* main.swift */ = {isa = PBXFileReference; lastKnownFileType = sourcecode.swift; path = main.swift; sourceTree = "<group>"; };
		F7510E8E1DADA754003EC1E4 /* NodeContent.swift */ = {isa = PBXFileReference; fileEncoding = 4; lastKnownFileType = sourcecode.swift; path = NodeContent.swift; sourceTree = "<group>"; };
		F7510E901DADA754003EC1E4 /* AVLTree.swift */ = {isa = PBXFileReference; fileEncoding = 4; lastKnownFileType = sourcecode.swift; path = AVLTree.swift; sourceTree = "<group>"; };
		F7510E911DADA754003EC1E4 /* BinaryTreeProtocol.swift */ = {isa = PBXFileReference; fileEncoding = 4; lastKnownFileType = sourcecode.swift; path = BinaryTreeProtocol.swift; sourceTree = "<group>"; };
		F7510E921DADA754003EC1E4 /* RotationDirection.swift */ = {isa = PBXFileReference; fileEncoding = 4; lastKnownFileType = sourcecode.swift; path = RotationDirection.swift; sourceTree = "<group>"; };
		F7510E931DADA754003EC1E4 /* TreeVisitor.swift */ = {isa = PBXFileReference; fileEncoding = 4; lastKnownFileType = sourcecode.swift; path = TreeVisitor.swift; sourceTree = "<group>"; };
		F75AA8321D6E579E009E63C2 /* TreeTests.swift */ = {isa = PBXFileReference; fileEncoding = 4; lastKnownFileType = sourcecode.swift; name = TreeTests.swift; path = ../AdvancedDataStructures/TreeTests.swift; sourceTree = "<group>"; };
		F75B25561DCA994700F0B6FC /* Graph.swift */ = {isa = PBXFileReference; fileEncoding = 4; lastKnownFileType = sourcecode.swift; path = Graph.swift; sourceTree = "<group>"; };
		F78698371FABCBC0000BA3B4 /* SortAlgorithm.swift */ = {isa = PBXFileReference; lastKnownFileType = sourcecode.swift; path = SortAlgorithm.swift; sourceTree = "<group>"; };
		F78698391FABCBCB000BA3B4 /* InsertionSort.swift */ = {isa = PBXFileReference; lastKnownFileType = sourcecode.swift; path = InsertionSort.swift; sourceTree = "<group>"; };
		F786983B1FABCBD3000BA3B4 /* QuickSort.swift */ = {isa = PBXFileReference; lastKnownFileType = sourcecode.swift; path = QuickSort.swift; sourceTree = "<group>"; };
		F786983D1FABCC36000BA3B4 /* BubbleSortTest.swift */ = {isa = PBXFileReference; lastKnownFileType = sourcecode.swift; path = BubbleSortTest.swift; sourceTree = "<group>"; };
		F786983F1FABCC3F000BA3B4 /* InsertionSortTest.swift */ = {isa = PBXFileReference; lastKnownFileType = sourcecode.swift; path = InsertionSortTest.swift; sourceTree = "<group>"; };
		F78698411FABCC46000BA3B4 /* QuickSortTest.swift */ = {isa = PBXFileReference; lastKnownFileType = sourcecode.swift; path = QuickSortTest.swift; sourceTree = "<group>"; };
		F78698471FABCF71000BA3B4 /* Array+Convenience.swift */ = {isa = PBXFileReference; lastKnownFileType = sourcecode.swift; path = "Array+Convenience.swift"; sourceTree = "<group>"; };
		F786984A1FABD055000BA3B4 /* ShellSortTest.swift */ = {isa = PBXFileReference; lastKnownFileType = sourcecode.swift; path = ShellSortTest.swift; sourceTree = "<group>"; };
		F786984C1FABD06A000BA3B4 /* ShellSort.swift */ = {isa = PBXFileReference; lastKnownFileType = sourcecode.swift; path = ShellSort.swift; sourceTree = "<group>"; };
		F786984F1FABD7EE000BA3B4 /* CombSort.swift */ = {isa = PBXFileReference; lastKnownFileType = sourcecode.swift; path = CombSort.swift; sourceTree = "<group>"; };
		F78698511FABD81E000BA3B4 /* CombSortTest.swift */ = {isa = PBXFileReference; lastKnownFileType = sourcecode.swift; path = CombSortTest.swift; sourceTree = "<group>"; };
		F787286F1E664341006FAEEF /* RedBlackTree.swift */ = {isa = PBXFileReference; fileEncoding = 4; lastKnownFileType = sourcecode.swift; path = RedBlackTree.swift; sourceTree = "<group>"; };
		F792A41C1F9EA57F00E1FFD0 /* BinaryTree.swift */ = {isa = PBXFileReference; lastKnownFileType = sourcecode.swift; path = BinaryTree.swift; sourceTree = "<group>"; };
		F7A7868B1FA27C4D00106C89 /* BubbleSort.swift */ = {isa = PBXFileReference; lastKnownFileType = sourcecode.swift; path = BubbleSort.swift; sourceTree = "<group>"; };
		F7A81B6B1D99E391003A7B51 /* Generator.swift */ = {isa = PBXFileReference; fileEncoding = 4; lastKnownFileType = sourcecode.swift; path = Generator.swift; sourceTree = "<group>"; };
		F7A81B741D99E7F8003A7B51 /* AdvancedDataStructuresTests.xctest */ = {isa = PBXFileReference; explicitFileType = wrapper.cfbundle; includeInIndex = 0; path = AdvancedDataStructuresTests.xctest; sourceTree = BUILT_PRODUCTS_DIR; };
		F7A81B781D99E7F8003A7B51 /* Info.plist */ = {isa = PBXFileReference; lastKnownFileType = text.plist.xml; path = Info.plist; sourceTree = "<group>"; };
		F7ED1A6F1DAAE836006F17CE /* DSU.swift */ = {isa = PBXFileReference; fileEncoding = 4; lastKnownFileType = sourcecode.swift; path = DSU.swift; sourceTree = "<group>"; };
/* End PBXFileReference section */

/* Begin PBXFrameworksBuildPhase section */
		F72E9AD81D56A677003FF5E7 /* Frameworks */ = {
			isa = PBXFrameworksBuildPhase;
			buildActionMask = 2147483647;
			files = (
			);
			runOnlyForDeploymentPostprocessing = 0;
		};
		F7A81B711D99E7F8003A7B51 /* Frameworks */ = {
			isa = PBXFrameworksBuildPhase;
			buildActionMask = 2147483647;
			files = (
			);
			runOnlyForDeploymentPostprocessing = 0;
		};
/* End PBXFrameworksBuildPhase section */

/* Begin PBXGroup section */
		F72E9AD21D56A677003FF5E7 = {
			isa = PBXGroup;
			children = (
				F72E9ADD1D56A677003FF5E7 /* AdvancedDataStructures */,
				F7A81B751D99E7F8003A7B51 /* AdvancedDataStructuresTests */,
				F72E9ADC1D56A677003FF5E7 /* Products */,
			);
			sourceTree = "<group>";
		};
		F72E9ADC1D56A677003FF5E7 /* Products */ = {
			isa = PBXGroup;
			children = (
				F72E9ADB1D56A677003FF5E7 /* AdvancedDataStructures */,
				F7A81B741D99E7F8003A7B51 /* AdvancedDataStructuresTests.xctest */,
			);
			name = Products;
			sourceTree = "<group>";
		};
		F72E9ADD1D56A677003FF5E7 /* AdvancedDataStructures */ = {
			isa = PBXGroup;
			children = (
				F7A7868A1FA27C3E00106C89 /* Sort */,
				F72E9ADE1D56A677003FF5E7 /* main.swift */,
				F7510E8D1DADA754003EC1E4 /* Common */,
				F7510E8F1DADA754003EC1E4 /* Trees */,
				F7A81B6B1D99E391003A7B51 /* Generator.swift */,
				F7ED1A6F1DAAE836006F17CE /* DSU.swift */,
				F75B25561DCA994700F0B6FC /* Graph.swift */,
				F78698471FABCF71000BA3B4 /* Array+Convenience.swift */,
			);
			path = AdvancedDataStructures;
			sourceTree = "<group>";
		};
		F7510E8D1DADA754003EC1E4 /* Common */ = {
			isa = PBXGroup;
			children = (
				F7510E8E1DADA754003EC1E4 /* NodeContent.swift */,
			);
			path = Common;
			sourceTree = "<group>";
		};
		F7510E8F1DADA754003EC1E4 /* Trees */ = {
			isa = PBXGroup;
			children = (
				F7510E901DADA754003EC1E4 /* AVLTree.swift */,
				F787286F1E664341006FAEEF /* RedBlackTree.swift */,
				F7510E911DADA754003EC1E4 /* BinaryTreeProtocol.swift */,
				F7510E921DADA754003EC1E4 /* RotationDirection.swift */,
				F7510E931DADA754003EC1E4 /* TreeVisitor.swift */,
				F792A41C1F9EA57F00E1FFD0 /* BinaryTree.swift */,
			);
			path = Trees;
			sourceTree = "<group>";
		};
		F7A7868A1FA27C3E00106C89 /* Sort */ = {
			isa = PBXGroup;
			children = (
				F78698371FABCBC0000BA3B4 /* SortAlgorithm.swift */,
				F7A7868B1FA27C4D00106C89 /* BubbleSort.swift */,
				F78698391FABCBCB000BA3B4 /* InsertionSort.swift */,
				F786983B1FABCBD3000BA3B4 /* QuickSort.swift */,
				F786984C1FABD06A000BA3B4 /* ShellSort.swift */,
				F786984F1FABD7EE000BA3B4 /* CombSort.swift */,
			);
			path = Sort;
			sourceTree = "<group>";
		};
		F7A81B751D99E7F8003A7B51 /* AdvancedDataStructuresTests */ = {
			isa = PBXGroup;
			children = (
				F75AA8321D6E579E009E63C2 /* TreeTests.swift */,
				F786983D1FABCC36000BA3B4 /* BubbleSortTest.swift */,
				F786983F1FABCC3F000BA3B4 /* InsertionSortTest.swift */,
				F78698411FABCC46000BA3B4 /* QuickSortTest.swift */,
				F786984A1FABD055000BA3B4 /* ShellSortTest.swift */,
				F78698511FABD81E000BA3B4 /* CombSortTest.swift */,
				F7A81B781D99E7F8003A7B51 /* Info.plist */,
			);
			path = AdvancedDataStructuresTests;
			sourceTree = "<group>";
		};
/* End PBXGroup section */

/* Begin PBXNativeTarget section */
		F72E9ADA1D56A677003FF5E7 /* AdvancedDataStructures */ = {
			isa = PBXNativeTarget;
			buildConfigurationList = F72E9AE21D56A677003FF5E7 /* Build configuration list for PBXNativeTarget "AdvancedDataStructures" */;
			buildPhases = (
				F72E9AD71D56A677003FF5E7 /* Sources */,
				F72E9AD81D56A677003FF5E7 /* Frameworks */,
				F72E9AD91D56A677003FF5E7 /* CopyFiles */,
			);
			buildRules = (
			);
			dependencies = (
			);
			name = AdvancedDataStructures;
			productName = AdvancedDataStructures;
			productReference = F72E9ADB1D56A677003FF5E7 /* AdvancedDataStructures */;
			productType = "com.apple.product-type.tool";
		};
		F7A81B731D99E7F8003A7B51 /* AdvancedDataStructuresTests */ = {
			isa = PBXNativeTarget;
			buildConfigurationList = F7A81B791D99E7F8003A7B51 /* Build configuration list for PBXNativeTarget "AdvancedDataStructuresTests" */;
			buildPhases = (
				F7A81B701D99E7F8003A7B51 /* Sources */,
				F7A81B711D99E7F8003A7B51 /* Frameworks */,
				F7A81B721D99E7F8003A7B51 /* Resources */,
			);
			buildRules = (
			);
			dependencies = (
			);
			name = AdvancedDataStructuresTests;
			productName = AdvancedDataStructuresTests;
			productReference = F7A81B741D99E7F8003A7B51 /* AdvancedDataStructuresTests.xctest */;
			productType = "com.apple.product-type.bundle.unit-test";
		};
/* End PBXNativeTarget section */

/* Begin PBXProject section */
		F72E9AD31D56A677003FF5E7 /* Project object */ = {
			isa = PBXProject;
			attributes = {
				LastSwiftUpdateCheck = 0800;
				LastUpgradeCheck = 0730;
				ORGANIZATIONNAME = Fitc;
				TargetAttributes = {
					F72E9ADA1D56A677003FF5E7 = {
						CreatedOnToolsVersion = 7.3.1;
						LastSwiftMigration = 0800;
					};
					F7A81B731D99E7F8003A7B51 = {
						CreatedOnToolsVersion = 8.0;
						ProvisioningStyle = Automatic;
					};
				};
			};
			buildConfigurationList = F72E9AD61D56A677003FF5E7 /* Build configuration list for PBXProject "AdvancedDataStructures" */;
			compatibilityVersion = "Xcode 3.2";
			developmentRegion = English;
			hasScannedForEncodings = 0;
			knownRegions = (
				en,
			);
			mainGroup = F72E9AD21D56A677003FF5E7;
			productRefGroup = F72E9ADC1D56A677003FF5E7 /* Products */;
			projectDirPath = "";
			projectRoot = "";
			targets = (
				F72E9ADA1D56A677003FF5E7 /* AdvancedDataStructures */,
				F7A81B731D99E7F8003A7B51 /* AdvancedDataStructuresTests */,
			);
		};
/* End PBXProject section */

/* Begin PBXResourcesBuildPhase section */
		F7A81B721D99E7F8003A7B51 /* Resources */ = {
			isa = PBXResourcesBuildPhase;
			buildActionMask = 2147483647;
			files = (
			);
			runOnlyForDeploymentPostprocessing = 0;
		};
/* End PBXResourcesBuildPhase section */

/* Begin PBXSourcesBuildPhase section */
		F72E9AD71D56A677003FF5E7 /* Sources */ = {
			isa = PBXSourcesBuildPhase;
			buildActionMask = 2147483647;
			files = (
				F7ED1A701DAAE836006F17CE /* DSU.swift in Sources */,
				F786983C1FABCBD3000BA3B4 /* QuickSort.swift in Sources */,
				F7510E9C1DADA754003EC1E4 /* TreeVisitor.swift in Sources */,
				F72E9ADF1D56A677003FF5E7 /* main.swift in Sources */,
				F78698501FABD7EE000BA3B4 /* CombSort.swift in Sources */,
				F786983A1FABCBCB000BA3B4 /* InsertionSort.swift in Sources */,
				F78728701E664341006FAEEF /* RedBlackTree.swift in Sources */,
				F7A81B6C1D99E391003A7B51 /* Generator.swift in Sources */,
				F7510E941DADA754003EC1E4 /* NodeContent.swift in Sources */,
				F786984D1FABD06A000BA3B4 /* ShellSort.swift in Sources */,
				F792A41D1F9EA57F00E1FFD0 /* BinaryTree.swift in Sources */,
				F78698481FABCF71000BA3B4 /* Array+Convenience.swift in Sources */,
				F7510E9A1DADA754003EC1E4 /* RotationDirection.swift in Sources */,
				F75B25571DCA994700F0B6FC /* Graph.swift in Sources */,
				F7510E981DADA754003EC1E4 /* BinaryTreeProtocol.swift in Sources */,
				F78698381FABCBC0000BA3B4 /* SortAlgorithm.swift in Sources */,
				F7510E961DADA754003EC1E4 /* AVLTree.swift in Sources */,
				F7A7868C1FA27C4D00106C89 /* BubbleSort.swift in Sources */,
			);
			runOnlyForDeploymentPostprocessing = 0;
		};
		F7A81B701D99E7F8003A7B51 /* Sources */ = {
			isa = PBXSourcesBuildPhase;
			buildActionMask = 2147483647;
			files = (
				F7510E9D1DADA754003EC1E4 /* TreeVisitor.swift in Sources */,
				F786984B1FABD055000BA3B4 /* ShellSortTest.swift in Sources */,
				F78698531FABD85B000BA3B4 /* CombSort.swift in Sources */,
				F78698461FABCEDC000BA3B4 /* QuickSort.swift in Sources */,
				F7A81B801D9F23C6003A7B51 /* main.swift in Sources */,
				F786983E1FABCC36000BA3B4 /* BubbleSortTest.swift in Sources */,
				F78698451FABCED9000BA3B4 /* InsertionSort.swift in Sources */,
				F786984E1FABD0C8000BA3B4 /* ShellSort.swift in Sources */,
				F7510E951DADA754003EC1E4 /* NodeContent.swift in Sources */,
				F7A81B7C1D99E84A003A7B51 /* TreeTests.swift in Sources */,
				F78698521FABD81E000BA3B4 /* CombSortTest.swift in Sources */,
				F7510E9B1DADA754003EC1E4 /* RotationDirection.swift in Sources */,
				F7510E991DADA754003EC1E4 /* BinaryTreeProtocol.swift in Sources */,
				F78698491FABCF8C000BA3B4 /* Array+Convenience.swift in Sources */,
				F7A81B7F1D9F23B2003A7B51 /* Generator.swift in Sources */,
				F7510E971DADA754003EC1E4 /* AVLTree.swift in Sources */,
				F78698401FABCC3F000BA3B4 /* InsertionSortTest.swift in Sources */,
				F78698441FABCED7000BA3B4 /* SortAlgorithm.swift in Sources */,
				F78698421FABCC46000BA3B4 /* QuickSortTest.swift in Sources */,
				F78698431FABCEC5000BA3B4 /* BubbleSort.swift in Sources */,
			);
			runOnlyForDeploymentPostprocessing = 0;
		};
/* End PBXSourcesBuildPhase section */

/* Begin XCBuildConfiguration section */
		F72E9AE01D56A677003FF5E7 /* Debug */ = {
			isa = XCBuildConfiguration;
			buildSettings = {
				ALWAYS_SEARCH_USER_PATHS = NO;
				CLANG_ANALYZER_NONNULL = YES;
				CLANG_CXX_LANGUAGE_STANDARD = "gnu++0x";
				CLANG_CXX_LIBRARY = "libc++";
				CLANG_ENABLE_MODULES = YES;
				CLANG_ENABLE_OBJC_ARC = YES;
				CLANG_WARN_BOOL_CONVERSION = YES;
				CLANG_WARN_CONSTANT_CONVERSION = YES;
				CLANG_WARN_DIRECT_OBJC_ISA_USAGE = YES_ERROR;
				CLANG_WARN_EMPTY_BODY = YES;
				CLANG_WARN_ENUM_CONVERSION = YES;
				CLANG_WARN_INT_CONVERSION = YES;
				CLANG_WARN_OBJC_ROOT_CLASS = YES_ERROR;
				CLANG_WARN_UNREACHABLE_CODE = YES;
				CLANG_WARN__DUPLICATE_METHOD_MATCH = YES;
				CODE_SIGN_IDENTITY = "-";
				COPY_PHASE_STRIP = NO;
				DEBUG_INFORMATION_FORMAT = dwarf;
				ENABLE_STRICT_OBJC_MSGSEND = YES;
				ENABLE_TESTABILITY = YES;
				GCC_C_LANGUAGE_STANDARD = gnu99;
				GCC_DYNAMIC_NO_PIC = NO;
				GCC_NO_COMMON_BLOCKS = YES;
				GCC_OPTIMIZATION_LEVEL = 0;
				GCC_PREPROCESSOR_DEFINITIONS = (
					"DEBUG=1",
					"$(inherited)",
				);
				GCC_WARN_64_TO_32_BIT_CONVERSION = YES;
				GCC_WARN_ABOUT_RETURN_TYPE = YES_ERROR;
				GCC_WARN_UNDECLARED_SELECTOR = YES;
				GCC_WARN_UNINITIALIZED_AUTOS = YES_AGGRESSIVE;
				GCC_WARN_UNUSED_FUNCTION = YES;
				GCC_WARN_UNUSED_VARIABLE = YES;
				MACOSX_DEPLOYMENT_TARGET = 10.11;
				MTL_ENABLE_DEBUG_INFO = YES;
				ONLY_ACTIVE_ARCH = YES;
				SDKROOT = macosx;
				SWIFT_OPTIMIZATION_LEVEL = "-Onone";
			};
			name = Debug;
		};
		F72E9AE11D56A677003FF5E7 /* Release */ = {
			isa = XCBuildConfiguration;
			buildSettings = {
				ALWAYS_SEARCH_USER_PATHS = NO;
				CLANG_ANALYZER_NONNULL = YES;
				CLANG_CXX_LANGUAGE_STANDARD = "gnu++0x";
				CLANG_CXX_LIBRARY = "libc++";
				CLANG_ENABLE_MODULES = YES;
				CLANG_ENABLE_OBJC_ARC = YES;
				CLANG_WARN_BOOL_CONVERSION = YES;
				CLANG_WARN_CONSTANT_CONVERSION = YES;
				CLANG_WARN_DIRECT_OBJC_ISA_USAGE = YES_ERROR;
				CLANG_WARN_EMPTY_BODY = YES;
				CLANG_WARN_ENUM_CONVERSION = YES;
				CLANG_WARN_INT_CONVERSION = YES;
				CLANG_WARN_OBJC_ROOT_CLASS = YES_ERROR;
				CLANG_WARN_UNREACHABLE_CODE = YES;
				CLANG_WARN__DUPLICATE_METHOD_MATCH = YES;
				CODE_SIGN_IDENTITY = "-";
				COPY_PHASE_STRIP = NO;
				DEBUG_INFORMATION_FORMAT = "dwarf-with-dsym";
				ENABLE_NS_ASSERTIONS = NO;
				ENABLE_STRICT_OBJC_MSGSEND = YES;
				GCC_C_LANGUAGE_STANDARD = gnu99;
				GCC_NO_COMMON_BLOCKS = YES;
				GCC_WARN_64_TO_32_BIT_CONVERSION = YES;
				GCC_WARN_ABOUT_RETURN_TYPE = YES_ERROR;
				GCC_WARN_UNDECLARED_SELECTOR = YES;
				GCC_WARN_UNINITIALIZED_AUTOS = YES_AGGRESSIVE;
				GCC_WARN_UNUSED_FUNCTION = YES;
				GCC_WARN_UNUSED_VARIABLE = YES;
				MACOSX_DEPLOYMENT_TARGET = 10.11;
				MTL_ENABLE_DEBUG_INFO = NO;
				SDKROOT = macosx;
			};
			name = Release;
		};
		F72E9AE31D56A677003FF5E7 /* Debug */ = {
			isa = XCBuildConfiguration;
			buildSettings = {
				PRODUCT_NAME = "$(TARGET_NAME)";
				SWIFT_VERSION = 3.0;
			};
			name = Debug;
		};
		F72E9AE41D56A677003FF5E7 /* Release */ = {
			isa = XCBuildConfiguration;
			buildSettings = {
				PRODUCT_NAME = "$(TARGET_NAME)";
				SWIFT_VERSION = 3.0;
			};
			name = Release;
		};
		F7A81B7A1D99E7F8003A7B51 /* Debug */ = {
			isa = XCBuildConfiguration;
			buildSettings = {
				CLANG_WARN_DOCUMENTATION_COMMENTS = YES;
				CLANG_WARN_INFINITE_RECURSION = YES;
				CLANG_WARN_SUSPICIOUS_MOVES = YES;
				COMBINE_HIDPI_IMAGES = YES;
				INFOPLIST_FILE = AdvancedDataStructuresTests/Info.plist;
				LD_RUNPATH_SEARCH_PATHS = "$(inherited) @executable_path/../Frameworks @loader_path/../Frameworks";
				PRODUCT_BUNDLE_IDENTIFIER = Fitc.AdvancedDataStructuresTests;
				PRODUCT_NAME = "$(TARGET_NAME)";
				SWIFT_ACTIVE_COMPILATION_CONDITIONS = DEBUG;
				SWIFT_VERSION = 3.0;
			};
			name = Debug;
		};
		F7A81B7B1D99E7F8003A7B51 /* Release */ = {
			isa = XCBuildConfiguration;
			buildSettings = {
				CLANG_WARN_DOCUMENTATION_COMMENTS = YES;
				CLANG_WARN_INFINITE_RECURSION = YES;
				CLANG_WARN_SUSPICIOUS_MOVES = YES;
				COMBINE_HIDPI_IMAGES = YES;
				INFOPLIST_FILE = AdvancedDataStructuresTests/Info.plist;
				LD_RUNPATH_SEARCH_PATHS = "$(inherited) @executable_path/../Frameworks @loader_path/../Frameworks";
				PRODUCT_BUNDLE_IDENTIFIER = Fitc.AdvancedDataStructuresTests;
				PRODUCT_NAME = "$(TARGET_NAME)";
				SWIFT_OPTIMIZATION_LEVEL = "-Owholemodule";
				SWIFT_VERSION = 3.0;
			};
			name = Release;
		};
/* End XCBuildConfiguration section */

/* Begin XCConfigurationList section */
		F72E9AD61D56A677003FF5E7 /* Build configuration list for PBXProject "AdvancedDataStructures" */ = {
			isa = XCConfigurationList;
			buildConfigurations = (
				F72E9AE01D56A677003FF5E7 /* Debug */,
				F72E9AE11D56A677003FF5E7 /* Release */,
			);
			defaultConfigurationIsVisible = 0;
			defaultConfigurationName = Release;
		};
		F72E9AE21D56A677003FF5E7 /* Build configuration list for PBXNativeTarget "AdvancedDataStructures" */ = {
			isa = XCConfigurationList;
			buildConfigurations = (
				F72E9AE31D56A677003FF5E7 /* Debug */,
				F72E9AE41D56A677003FF5E7 /* Release */,
			);
			defaultConfigurationIsVisible = 0;
			defaultConfigurationName = Release;
		};
		F7A81B791D99E7F8003A7B51 /* Build configuration list for PBXNativeTarget "AdvancedDataStructuresTests" */ = {
			isa = XCConfigurationList;
			buildConfigurations = (
				F7A81B7A1D99E7F8003A7B51 /* Debug */,
				F7A81B7B1D99E7F8003A7B51 /* Release */,
			);
			defaultConfigurationIsVisible = 0;
			defaultConfigurationName = Release;
		};
/* End XCConfigurationList section */
	};
	rootObject = F72E9AD31D56A677003FF5E7 /* Project object */;
}
